// !$*UTF8*$!
{
	archiveVersion = 1;
	classes = {
	};
	objectVersion = 46;
	objects = {

/* Begin PBXBuildFile section */
		F6DFE0FA1C57E53A00CDF576 /* AppDelegate.swift in Sources */ = {isa = PBXBuildFile; fileRef = F6DFE0F91C57E53A00CDF576 /* AppDelegate.swift */; };
		F6DFE0FC1C57E53A00CDF576 /* ViewController.swift in Sources */ = {isa = PBXBuildFile; fileRef = F6DFE0FB1C57E53A00CDF576 /* ViewController.swift */; };
		F6DFE0FF1C57E53A00CDF576 /* Main.storyboard in Resources */ = {isa = PBXBuildFile; fileRef = F6DFE0FD1C57E53A00CDF576 /* Main.storyboard */; };
		F6DFE1011C57E53A00CDF576 /* Assets.xcassets in Resources */ = {isa = PBXBuildFile; fileRef = F6DFE1001C57E53A00CDF576 /* Assets.xcassets */; };
		F6DFE1041C57E53A00CDF576 /* LaunchScreen.storyboard in Resources */ = {isa = PBXBuildFile; fileRef = F6DFE1021C57E53A00CDF576 /* LaunchScreen.storyboard */; };
/* End PBXBuildFile section */

/* Begin PBXFileReference section */
		F6DFE0F61C57E53A00CDF576 /* pruebagithub.app */ = {isa = PBXFileReference; explicitFileType = wrapper.application; includeInIndex = 0; path = pruebagithub.app; sourceTree = BUILT_PRODUCTS_DIR; };
		F6DFE0F91C57E53A00CDF576 /* AppDelegate.swift */ = {isa = PBXFileReference; lastKnownFileType = sourcecode.swift; path = AppDelegate.swift; sourceTree = "<group>"; };
		F6DFE0FB1C57E53A00CDF576 /* ViewController.swift */ = {isa = PBXFileReference; lastKnownFileType = sourcecode.swift; path = ViewController.swift; sourceTree = "<group>"; };
		F6DFE0FE1C57E53A00CDF576 /* Base */ = {isa = PBXFileReference; lastKnownFileType = file.storyboard; name = Base; path = Base.lproj/Main.storyboard; sourceTree = "<group>"; };
		F6DFE1001C57E53A00CDF576 /* Assets.xcassets */ = {isa = PBXFileReference; lastKnownFileType = folder.assetcatalog; path = Assets.xcassets; sourceTree = "<group>"; };
		F6DFE1031C57E53A00CDF576 /* Base */ = {isa = PBXFileReference; lastKnownFileType = file.storyboard; name = Base; path = Base.lproj/LaunchScreen.storyboard; sourceTree = "<group>"; };
		F6DFE1051C57E53A00CDF576 /* Info.plist */ = {isa = PBXFileReference; lastKnownFileType = text.plist.xml; path = Info.plist; sourceTree = "<group>"; };
/* End PBXFileReference section */

/* Begin PBXFrameworksBuildPhase section */
		F6DFE0F31C57E53A00CDF576 /* Frameworks */ = {
			isa = PBXFrameworksBuildPhase;
			buildActionMask = 2147483647;
			files = (
			);
			runOnlyForDeploymentPostprocessing = 0;
		};
/* End PBXFrameworksBuildPhase section */

/* Begin PBXGroup section */
		F6DFE0ED1C57E53A00CDF576 = {
			isa = PBXGroup;
			children = (
				F6DFE0F81C57E53A00CDF576 /* pruebagithub */,
				F6DFE0F71C57E53A00CDF576 /* Products */,
			);
			sourceTree = "<group>";
		};
		F6DFE0F71C57E53A00CDF576 /* Products */ = {
			isa = PBXGroup;
			children = (
				F6DFE0F61C57E53A00CDF576 /* pruebagithub.app */,
			);
			name = Products;
			sourceTree = "<group>";
		};
		F6DFE0F81C57E53A00CDF576 /* pruebagithub */ = {
			isa = PBXGroup;
			children = (
				F6DFE0F91C57E53A00CDF576 /* AppDelegate.swift */,
				F6DFE0FB1C57E53A00CDF576 /* ViewController.swift */,
				F6DFE0FD1C57E53A00CDF576 /* Main.storyboard */,
				F6DFE1001C57E53A00CDF576 /* Assets.xcassets */,
				F6DFE1021C57E53A00CDF576 /* LaunchScreen.storyboard */,
				F6DFE1051C57E53A00CDF576 /* Info.plist */,
			);
			path = pruebagithub;
			sourceTree = "<group>";
		};
/* End PBXGroup section */

/* Begin PBXNativeTarget section */
		F6DFE0F51C57E53A00CDF576 /* pruebagithub */ = {
			isa = PBXNativeTarget;
			buildConfigurationList = F6DFE1081C57E53A00CDF576 /* Build configuration list for PBXNativeTarget "pruebagithub" */;
			buildPhases = (
				F6DFE0F21C57E53A00CDF576 /* Sources */,
				F6DFE0F31C57E53A00CDF576 /* Frameworks */,
				F6DFE0F41C57E53A00CDF576 /* Resources */,
			);
			buildRules = (
			);
			dependencies = (
			);
			name = pruebagithub;
			productName = pruebagithub;
			productReference = F6DFE0F61C57E53A00CDF576 /* pruebagithub.app */;
			productType = "com.apple.product-type.application";
		};
/* End PBXNativeTarget section */

/* Begin PBXProject section */
		F6DFE0EE1C57E53A00CDF576 /* Project object */ = {
			isa = PBXProject;
			attributes = {
				LastSwiftUpdateCheck = 0720;
				LastUpgradeCheck = 0720;
				ORGANIZATIONNAME = "Jose Daniel Azofeifa ";
				TargetAttributes = {
					F6DFE0F51C57E53A00CDF576 = {
						CreatedOnToolsVersion = 7.2;
						DevelopmentTeam = YDC5J435BM;
					};
				};
			};
			buildConfigurationList = F6DFE0F11C57E53A00CDF576 /* Build configuration list for PBXProject "pruebagithub" */;
			compatibilityVersion = "Xcode 3.2";
			developmentRegion = English;
			hasScannedForEncodings = 0;
			knownRegions = (
				en,
				Base,
			);
			mainGroup = F6DFE0ED1C57E53A00CDF576;
			productRefGroup = F6DFE0F71C57E53A00CDF576 /* Products */;
			projectDirPath = "";
			projectRoot = "";
			targets = (
				F6DFE0F51C57E53A00CDF576 /* pruebagithub */,
			);
		};
/* End PBXProject section */

/* Begin PBXResourcesBuildPhase section */
		F6DFE0F41C57E53A00CDF576 /* Resources */ = {
			isa = PBXResourcesBuildPhase;
			buildActionMask = 2147483647;
			files = (
				F6DFE1041C57E53A00CDF576 /* LaunchScreen.storyboard in Resources */,
				F6DFE1011C57E53A00CDF576 /* Assets.xcassets in Resources */,
				F6DFE0FF1C57E53A00CDF576 /* Main.storyboard in Resources */,
			);
			runOnlyForDeploymentPostprocessing = 0;
		};
/* End PBXResourcesBuildPhase section */

/* Begin PBXSourcesBuildPhase section */
		F6DFE0F21C57E53A00CDF576 /* Sources */ = {
			isa = PBXSourcesBuildPhase;
			buildActionMask = 2147483647;
			files = (
				F6DFE0FC1C57E53A00CDF576 /* ViewController.swift in Sources */,
				F6DFE0FA1C57E53A00CDF576 /* AppDelegate.swift in Sources */,
			);
			runOnlyForDeploymentPostprocessing = 0;
		};
/* End PBXSourcesBuildPhase section */

/* Begin PBXVariantGroup section */
		F6DFE0FD1C57E53A00CDF576 /* Main.storyboard */ = {
			isa = PBXVariantGroup;
			children = (
				F6DFE0FE1C57E53A00CDF576 /* Base */,
			);
			name = Main.storyboard;
			sourceTree = "<group>";
		};
		F6DFE1021C57E53A00CDF576 /* LaunchScreen.storyboard */ = {
			isa = PBXVariantGroup;
			children = (
				F6DFE1031C57E53A00CDF576 /* Base */,
			);
			name = LaunchScreen.storyboard;
			sourceTree = "<group>";
		};
/* End PBXVariantGroup section */

/* Begin XCBuildConfiguration section */
		F6DFE1061C57E53A00CDF576 /* Debug */ = {
			isa = XCBuildConfiguration;
			buildSettings = {
				ALWAYS_SEARCH_USER_PATHS = NO;
				CLANG_CXX_LANGUAGE_STANDARD = "gnu++0x";
				CLANG_CXX_LIBRARY = "libc++";
				CLANG_ENABLE_MODULES = YES;
				CLANG_ENABLE_OBJC_ARC = YES;
				CLANG_WARN_BOOL_CONVERSION = YES;
				CLANG_WARN_CONSTANT_CONVERSION = YES;
				CLANG_WARN_DIRECT_OBJC_ISA_USAGE = YES_ERROR;
				CLANG_WARN_EMPTY_BODY = YES;
				CLANG_WARN_ENUM_CONVERSION = YES;
				CLANG_WARN_INT_CONVERSION = YES;
				CLANG_WARN_OBJC_ROOT_CLASS = YES_ERROR;
				CLANG_WARN_UNREACHABLE_CODE = YES;
				CLANG_WARN__DUPLICATE_METHOD_MATCH = YES;
				"CODE_SIGN_IDENTITY[sdk=iphoneos*]" = "iPhone Developer";
				COPY_PHASE_STRIP = NO;
				DEBUG_INFORMATION_FORMAT = dwarf;
				ENABLE_STRICT_OBJC_MSGSEND = YES;
				ENABLE_TESTABILITY = YES;
				GCC_C_LANGUAGE_STANDARD = gnu99;
				GCC_DYNAMIC_NO_PIC = NO;
				GCC_NO_COMMON_BLOCKS = YES;
				GCC_OPTIMIZATION_LEVEL = 0;
				GCC_PREPROCESSOR_DEFINITIONS = (
					"DEBUG=1",
					"$(inherited)",
				);
				GCC_WARN_64_TO_32_BIT_CONVERSION = YES;
				GCC_WARN_ABOUT_RETURN_TYPE = YES_ERROR;
				GCC_WARN_UNDECLARED_SELECTOR = YES;
				GCC_WARN_UNINITIALIZED_AUTOS = YES_AGGRESSIVE;
				GCC_WARN_UNUSED_FUNCTION = YES;
				GCC_WARN_UNUSED_VARIABLE = YES;
				IPHONEOS_DEPLOYMENT_TARGET = 9.2;
				MTL_ENABLE_DEBUG_INFO = YES;
				ONLY_ACTIVE_ARCH = YES;
				SDKROOT = iphoneos;
				SWIFT_OPTIMIZATION_LEVEL = "-Onone";
				TARGETED_DEVICE_FAMILY = "1,2";
			};
			name = Debug;
		};
		F6DFE1071C57E53A00CDF576 /* Release */ = {
			isa = XCBuildConfiguration;
			buildSettings = {
				ALWAYS_SEARCH_USER_PATHS = NO;
				CLANG_CXX_LANGUAGE_STANDARD = "gnu++0x";
				CLANG_CXX_LIBRARY = "libc++";
				CLANG_ENABLE_MODULES = YES;
				CLANG_ENABLE_OBJC_ARC = YES;
				CLANG_WARN_BOOL_CONVERSION = YES;
				CLANG_WARN_CONSTANT_CONVERSION = YES;
				CLANG_WARN_DIRECT_OBJC_ISA_USAGE = YES_ERROR;
				CLANG_WARN_EMPTY_BODY = YES;
				CLANG_WARN_ENUM_CONVERSION = YES;
				CLANG_WARN_INT_CONVERSION = YES;
				CLANG_WARN_OBJC_ROOT_CLASS = YES_ERROR;
				CLANG_WARN_UNREACHABLE_CODE = YES;
				CLANG_WARN__DUPLICATE_METHOD_MATCH = YES;
				"CODE_SIGN_IDENTITY[sdk=iphoneos*]" = "iPhone Developer";
				COPY_PHASE_STRIP = NO;
				DEBUG_INFORMATION_FORMAT = "dwarf-with-dsym";
				ENABLE_NS_ASSERTIONS = NO;
				ENABLE_STRICT_OBJC_MSGSEND = YES;
				GCC_C_LANGUAGE_STANDARD = gnu99;
				GCC_NO_COMMON_BLOCKS = YES;
				GCC_WARN_64_TO_32_BIT_CONVERSION = YES;
				GCC_WARN_ABOUT_RETURN_TYPE = YES_ERROR;
				GCC_WARN_UNDECLARED_SELECTOR = YES;
				GCC_WARN_UNINITIALIZED_AUTOS = YES_AGGRESSIVE;
				GCC_WARN_UNUSED_FUNCTION = YES;
				GCC_WARN_UNUSED_VARIABLE = YES;
				IPHONEOS_DEPLOYMENT_TARGET = 9.2;
				MTL_ENABLE_DEBUG_INFO = NO;
				SDKROOT = iphoneos;
				TARGETED_DEVICE_FAMILY = "1,2";
				VALIDATE_PRODUCT = YES;
			};
			name = Release;
		};
		F6DFE1091C57E53A00CDF576 /* Debug */ = {
			isa = XCBuildConfiguration;
			buildSettings = {
				ASSETCATALOG_COMPILER_APPICON_NAME = AppIcon;
				INFOPLIST_FILE = pruebagithub/Info.plist;
				LD_RUNPATH_SEARCH_PATHS = "$(inherited) @executable_path/Frameworks";
				PRODUCT_BUNDLE_IDENTIFIER = jodazuga1.pruebagithub;
				PRODUCT_NAME = "$(TARGET_NAME)";
			};
			name = Debug;
		};
		F6DFE10A1C57E53A00CDF576 /* Release */ = {
			isa = XCBuildConfiguration;
			buildSettings = {
				ASSETCATALOG_COMPILER_APPICON_NAME = AppIcon;
				INFOPLIST_FILE = pruebagithub/Info.plist;
				LD_RUNPATH_SEARCH_PATHS = "$(inherited) @executable_path/Frameworks";
				PRODUCT_BUNDLE_IDENTIFIER = jodazuga1.pruebagithub;
				PRODUCT_NAME = "$(TARGET_NAME)";
			};
			name = Release;
		};
/* End XCBuildConfiguration section */

/* Begin XCConfigurationList section */
		F6DFE0F11C57E53A00CDF576 /* Build configuration list for PBXProject "pruebagithub" */ = {
			isa = XCConfigurationList;
			buildConfigurations = (
				F6DFE1061C57E53A00CDF576 /* Debug */,
				F6DFE1071C57E53A00CDF576 /* Release */,
			);
			defaultConfigurationIsVisible = 0;
			defaultConfigurationName = Release;
		};
		F6DFE1081C57E53A00CDF576 /* Build configuration list for PBXNativeTarget "pruebagithub" */ = {
			isa = XCConfigurationList;
			buildConfigurations = (
				F6DFE1091C57E53A00CDF576 /* Debug */,
				F6DFE10A1C57E53A00CDF576 /* Release */,
			);
			defaultConfigurationIsVisible = 0;
		};
/* End XCConfigurationList section */
	};
	rootObject = F6DFE0EE1C57E53A00CDF576 /* Project object */;
}
